# IF THERE'S A GIT CONFLICT IN THIS FILE, DON'T SOLVE IT MANUALLY!
# INSTEAD EXECUTE `prisma migrate fix`
# Prisma Migrate lockfile v1
# Read more about conflict resolution here: TODO

20200429135857-init
20200501170238-relations
20200501170728-fix
20200501170842-fix2
20200505101227-questions
20200505101559-questions2
20200505101640-questions3