# IF THERE'S A GIT CONFLICT IN THIS FILE, DON'T SOLVE IT MANUALLY!
# INSTEAD EXECUTE `prisma migrate fix`
# Prisma Migrate lockfile v1
# Read more about conflict resolution here: TODO

20200506091133-fix
20200506091508-fix1
20200506094115-fix2
20200506200938-group
20200506204934-group3
20200506205236-group4
20200507164051-count
20200507164635-count1